
Microsoft Visual Studio Solution File, Format Version 12.00
# Visual Studio Version 16
VisualStudioVersion = 16.0.30114.105
MinimumVisualStudioVersion = 10.0.40219.1
Project("{9A19103F-16F7-4668-BE54-9A1E7A4F7556}") = "PERI.Agenda.EF", "PERI.Agenda.EF\PERI.Agenda.EF.csproj", "{9F4B2DE5-4CFF-4CFF-AC2A-23089B8DAC70}"
EndProject
Project("{9A19103F-16F7-4668-BE54-9A1E7A4F7556}") = "PERI.Agenda.BLL", "PERI.Agenda.BLL\PERI.Agenda.BLL.csproj", "{B94456FC-2AD7-4B6F-AD7D-4A468CE74A61}"
EndProject
Project("{9A19103F-16F7-4668-BE54-9A1E7A4F7556}") = "PERI.Agenda.Core", "PERI.Agenda.Core\PERI.Agenda.Core.csproj", "{394EEDDF-0C36-4AC5-B8B3-E85245C86A49}"
EndProject
Project("{9A19103F-16F7-4668-BE54-9A1E7A4F7556}") = "PERI.Agenda.Web", "PERI.Agenda.Web\PERI.Agenda.Web.csproj", "{E45D014B-FFD6-45E8-9921-79DD1F25F5EF}"
EndProject
Project("{9A19103F-16F7-4668-BE54-9A1E7A4F7556}") = "PERI.Agenda.Repository", "PERI.Agenda.Repository\PERI.Agenda.Repository.csproj", "{B2167118-F837-4748-862A-A6F7E57A539F}"
EndProject
Project("{9A19103F-16F7-4668-BE54-9A1E7A4F7556}") = "PERI.Agenda.Test", "PERI.Agenda.Test\PERI.Agenda.Test.csproj", "{232B4926-488A-4991-8F00-D1EA73B0808B}"
EndProject
Project("{E53339B2-1760-4266-BCC7-CA923CBCF16C}") = "docker-compose", "docker-compose.dcproj", "{D50BBB89-6516-4131-9636-69603C93C3A4}"
EndProject
Global
	GlobalSection(SolutionConfigurationPlatforms) = preSolution
		Debug|Any CPU = Debug|Any CPU
		Release|Any CPU = Release|Any CPU
	EndGlobalSection
	GlobalSection(ProjectConfigurationPlatforms) = postSolution
		{9F4B2DE5-4CFF-4CFF-AC2A-23089B8DAC70}.Debug|Any CPU.ActiveCfg = Debug|Any CPU
		{9F4B2DE5-4CFF-4CFF-AC2A-23089B8DAC70}.Debug|Any CPU.Build.0 = Debug|Any CPU
		{9F4B2DE5-4CFF-4CFF-AC2A-23089B8DAC70}.Release|Any CPU.ActiveCfg = Release|Any CPU
		{9F4B2DE5-4CFF-4CFF-AC2A-23089B8DAC70}.Release|Any CPU.Build.0 = Release|Any CPU
		{B94456FC-2AD7-4B6F-AD7D-4A468CE74A61}.Debug|Any CPU.ActiveCfg = Debug|Any CPU
		{B94456FC-2AD7-4B6F-AD7D-4A468CE74A61}.Debug|Any CPU.Build.0 = Debug|Any CPU
		{B94456FC-2AD7-4B6F-AD7D-4A468CE74A61}.Release|Any CPU.ActiveCfg = Release|Any CPU
		{B94456FC-2AD7-4B6F-AD7D-4A468CE74A61}.Release|Any CPU.Build.0 = Release|Any CPU
		{394EEDDF-0C36-4AC5-B8B3-E85245C86A49}.Debug|Any CPU.ActiveCfg = Debug|Any CPU
		{394EEDDF-0C36-4AC5-B8B3-E85245C86A49}.Debug|Any CPU.Build.0 = Debug|Any CPU
		{394EEDDF-0C36-4AC5-B8B3-E85245C86A49}.Release|Any CPU.ActiveCfg = Release|Any CPU
		{394EEDDF-0C36-4AC5-B8B3-E85245C86A49}.Release|Any CPU.Build.0 = Release|Any CPU
		{E45D014B-FFD6-45E8-9921-79DD1F25F5EF}.Debug|Any CPU.ActiveCfg = Debug|Any CPU
		{E45D014B-FFD6-45E8-9921-79DD1F25F5EF}.Debug|Any CPU.Build.0 = Debug|Any CPU
		{E45D014B-FFD6-45E8-9921-79DD1F25F5EF}.Release|Any CPU.ActiveCfg = Release|Any CPU
		{E45D014B-FFD6-45E8-9921-79DD1F25F5EF}.Release|Any CPU.Build.0 = Release|Any CPU
		{B2167118-F837-4748-862A-A6F7E57A539F}.Debug|Any CPU.ActiveCfg = Debug|Any CPU
		{B2167118-F837-4748-862A-A6F7E57A539F}.Debug|Any CPU.Build.0 = Debug|Any CPU
		{B2167118-F837-4748-862A-A6F7E57A539F}.Release|Any CPU.ActiveCfg = Release|Any CPU
		{B2167118-F837-4748-862A-A6F7E57A539F}.Release|Any CPU.Build.0 = Release|Any CPU
		{232B4926-488A-4991-8F00-D1EA73B0808B}.Debug|Any CPU.ActiveCfg = Debug|Any CPU
		{232B4926-488A-4991-8F00-D1EA73B0808B}.Debug|Any CPU.Build.0 = Debug|Any CPU
		{232B4926-488A-4991-8F00-D1EA73B0808B}.Release|Any CPU.ActiveCfg = Release|Any CPU
		{232B4926-488A-4991-8F00-D1EA73B0808B}.Release|Any CPU.Build.0 = Release|Any CPU
		{D50BBB89-6516-4131-9636-69603C93C3A4}.Debug|Any CPU.ActiveCfg = Debug|Any CPU
		{D50BBB89-6516-4131-9636-69603C93C3A4}.Debug|Any CPU.Build.0 = Debug|Any CPU
		{D50BBB89-6516-4131-9636-69603C93C3A4}.Release|Any CPU.ActiveCfg = Release|Any CPU
		{D50BBB89-6516-4131-9636-69603C93C3A4}.Release|Any CPU.Build.0 = Release|Any CPU
	EndGlobalSection
	GlobalSection(SolutionProperties) = preSolution
		HideSolutionNode = FALSE
	EndGlobalSection
	GlobalSection(ExtensibilityGlobals) = postSolution
		SolutionGuid = {113F1397-33AD-4F78-80DE-C7EC418C6CFF}
	EndGlobalSection
EndGlobal
